{
  "version": "5",
  "specifiers": {
    "jsr:@std/async@^1.0.15": "1.0.15",
    "jsr:@std/crypto@^1.0.5": "1.0.5",
    "jsr:@std/fmt@^1.0.8": "1.0.8",
    "jsr:@std/net@^1.0.6": "1.0.6",
    "npm:@types/chroma-js@^3.1.2": "3.1.2",
    "npm:chroma-js@^3.2.0": "3.2.0"
  },
  "jsr": {
    "@std/async@1.0.15": {
      "integrity": "55d1d9d04f99403fe5730ab16bdcc3c47f658a6bf054cafb38a50f046238116e"
    },
    "@std/crypto@1.0.5": {
      "integrity": "0dcfbb319fe0bba1bd3af904ceb4f948cde1b92979ec1614528380ed308a3b40"
    },
    "@std/fmt@1.0.8": {
      "integrity": "71e1fc498787e4434d213647a6e43e794af4fd393ef8f52062246e06f7e372b7"
    },
    "@std/net@1.0.6": {
      "integrity": "110735f93e95bb9feb95790a8b1d1bf69ec0dc74f3f97a00a76ea5efea25500c"
    }
  },
  "npm": {
    "@types/chroma-js@3.1.2": {
      "integrity": "sha512-YBTQqArPN8A0niHXCwrO1z5x++a+6l0mLBykncUpr23oIPW7L4h39s6gokdK/bDrPmSh8+TjMmrhBPnyiaWPmQ=="
    },
    "chroma-js@3.2.0": {
      "integrity": "sha512-os/OippSlX1RlWWr+QDPcGUZs0uoqr32urfxESG9U93lhUfbnlyckte84Q8P1UQY/qth983AS1JONKmLS4T0nw=="
    }
  },
  "workspace": {
    "dependencies": [
      "jsr:@std/async@^1.0.15",
      "jsr:@std/crypto@^1.0.5",
      "jsr:@std/fmt@^1.0.8",
      "jsr:@std/net@^1.0.6",
      "npm:@types/chroma-js@^3.1.2",
      "npm:chroma-js@^3.2.0"
    ]
  }
}
